
Microsoft Visual Studio Solution File, Format Version 12.00
# Visual Studio Version 16
VisualStudioVersion = 16.0.31515.178
MinimumVisualStudioVersion = 10.0.40219.1
Project("{FAE04EC0-301F-11D3-BF4B-00C04F79EFBC}") = "EF_Model_First", "EF_Model_First.csproj", "{B0B9AF37-A45C-468B-A663-A63F53B55A0F}"
EndProject
Global
	GlobalSection(SolutionConfigurationPlatforms) = preSolution
		Debug|Any CPU = Debug|Any CPU
		Release|Any CPU = Release|Any CPU
	EndGlobalSection
	GlobalSection(ProjectConfigurationPlatforms) = postSolution
		{B0B9AF37-A45C-468B-A663-A63F53B55A0F}.Debug|Any CPU.ActiveCfg = Debug|Any CPU
		{B0B9AF37-A45C-468B-A663-A63F53B55A0F}.Debug|Any CPU.Build.0 = Debug|Any CPU
		{B0B9AF37-A45C-468B-A663-A63F53B55A0F}.Release|Any CPU.ActiveCfg = Release|Any CPU
		{B0B9AF37-A45C-468B-A663-A63F53B55A0F}.Release|Any CPU.Build.0 = Release|Any CPU
	EndGlobalSection
	GlobalSection(SolutionProperties) = preSolution
		HideSolutionNode = FALSE
	EndGlobalSection
	GlobalSection(ExtensibilityGlobals) = postSolution
		SolutionGuid = {874B4584-31EC-429F-AD92-A59EA8BD3894}
	EndGlobalSection
EndGlobal
